{
  "name": "ispend-backend",
  "version": "1.0.0",
  "lockfileVersion": 3,
  "requires": true,
  "packages": {
    "": {
      "name": "ispend-backend",
      "version": "1.0.0",
      "dependencies": {
        "bcryptjs": "^2.4.3",
        "dotenv": "^16.4.7",
        "express": "^4.21.2",
        "mongoose": "^8.12.1"
      },
      "devDependencies": {
        "nodemon": "^3.0.1"
      }
    },
    "node_modules/bcryptjs": {
      "version": "2.4.3",
      "resolved": "https://registry.npmjs.org/bcryptjs/-/bcryptjs-2.4.3.tgz",
      "integrity": "sha512-V/Hy/X9Vt7f3BbPJEi8BdVFMByHi+jNXrYkW3huaybV/kQ0KJg0Y6PkEMbn+zeT+i+SiKZ/HMqJGIIt4LZDqNQ=="
    },
    "node_modules/dotenv": {
      "version": "16.4.7",
      "resolved": "https://registry.npmjs.org/dotenv/-/dotenv-16.4.7.tgz",
      "integrity": "sha512-H2vP2jnV0gw1/dZn+zE8UVXHvWF+4P7uD7SEoN5fiNdfQcpLDpFqm7GZVCD/VpuCVXdFrK6MR1mxMOK0BEZVuw=="
    },
    "node_modules/express": {
      "version": "4.21.2",
      "resolved": "https://registry.npmjs.org/express/-/express-4.21.2.tgz",
      "integrity": "sha512-VfaM3pvD1/YZ8M9FuWr7oqJeW/jLxMXyB8vZP+6WG5A6A2VrKhYFPEKPBz+wRmxKEb8D8A9eJKyPH0EQ6FYKqA=="
    },
    "node_modules/mongoose": {
      "version": "8.12.1",
      "resolved": "https://registry.npmjs.org/mongoose/-/mongoose-8.12.1.tgz",
      "integrity": "sha512-RyJUV2VSRJrZYw6Bh+nPvkG+Jy5MYs9UJV2BZDwNwQ5FZhZ7ETYx8cB4UOSRZxP1XMjyB6vX6B5DGm5Jy5sZIw=="
    },
    "node_modules/nodemon": {
      "version": "3.0.1",
      "resolved": "https://registry.npmjs.org/nodemon/-/nodemon-3.0.1.tgz",
      "integrity": "sha512-g9z0K/2zXv1GH/6Ki5FCqYCj4YFBQHXWEWxH+8VuA0K4dQGzs9jQZvH7l8GNC4JxvWKV5dPjP8jDUKJQ6wCJA==",
      "dev": true
    }
  }
} 